// !$*UTF8*$!
{
	archiveVersion = 1;
	classes = {
	};
	objectVersion = 50;
	objects = {

/* Begin PBXBuildFile section */
		20C079B72516207A0048E245 /* AppDelegate.swift in Sources */ = {isa = PBXBuildFile; fileRef = 20C079B62516207A0048E245 /* AppDelegate.swift */; };
		20C079B92516207A0048E245 /* SceneDelegate.swift in Sources */ = {isa = PBXBuildFile; fileRef = 20C079B82516207A0048E245 /* SceneDelegate.swift */; };
		20C079BB2516207A0048E245 /* ContentView.swift in Sources */ = {isa = PBXBuildFile; fileRef = 20C079BA2516207A0048E245 /* ContentView.swift */; };
		20C079BD2516207C0048E245 /* Assets.xcassets in Resources */ = {isa = PBXBuildFile; fileRef = 20C079BC2516207C0048E245 /* Assets.xcassets */; };
		20C079C02516207C0048E245 /* Preview Assets.xcassets in Resources */ = {isa = PBXBuildFile; fileRef = 20C079BF2516207C0048E245 /* Preview Assets.xcassets */; };
		20C079C32516207C0048E245 /* LaunchScreen.storyboard in Resources */ = {isa = PBXBuildFile; fileRef = 20C079C12516207C0048E245 /* LaunchScreen.storyboard */; };
		20C079CB251628CF0048E245 /* CircleImage.swift in Sources */ = {isa = PBXBuildFile; fileRef = 20C079CA251628CF0048E245 /* CircleImage.swift */; };
		20C079CD25162A9A0048E245 /* MapView.swift in Sources */ = {isa = PBXBuildFile; fileRef = 20C079CC25162A9A0048E245 /* MapView.swift */; };
/* End PBXBuildFile section */

/* Begin PBXFileReference section */
		20C079B32516207A0048E245 /* LandmarkSwiftUI.app */ = {isa = PBXFileReference; explicitFileType = wrapper.application; includeInIndex = 0; path = LandmarkSwiftUI.app; sourceTree = BUILT_PRODUCTS_DIR; };
		20C079B62516207A0048E245 /* AppDelegate.swift */ = {isa = PBXFileReference; lastKnownFileType = sourcecode.swift; path = AppDelegate.swift; sourceTree = "<group>"; };
		20C079B82516207A0048E245 /* SceneDelegate.swift */ = {isa = PBXFileReference; lastKnownFileType = sourcecode.swift; path = SceneDelegate.swift; sourceTree = "<group>"; };
		20C079BA2516207A0048E245 /* ContentView.swift */ = {isa = PBXFileReference; lastKnownFileType = sourcecode.swift; path = ContentView.swift; sourceTree = "<group>"; };
		20C079BC2516207C0048E245 /* Assets.xcassets */ = {isa = PBXFileReference; lastKnownFileType = folder.assetcatalog; path = Assets.xcassets; sourceTree = "<group>"; };
		20C079BF2516207C0048E245 /* Preview Assets.xcassets */ = {isa = PBXFileReference; lastKnownFileType = folder.assetcatalog; path = "Preview Assets.xcassets"; sourceTree = "<group>"; };
		20C079C22516207C0048E245 /* Base */ = {isa = PBXFileReference; lastKnownFileType = file.storyboard; name = Base; path = Base.lproj/LaunchScreen.storyboard; sourceTree = "<group>"; };
		20C079C42516207C0048E245 /* Info.plist */ = {isa = PBXFileReference; lastKnownFileType = text.plist.xml; path = Info.plist; sourceTree = "<group>"; };
		20C079CA251628CF0048E245 /* CircleImage.swift */ = {isa = PBXFileReference; lastKnownFileType = sourcecode.swift; path = CircleImage.swift; sourceTree = "<group>"; };
		20C079CC25162A9A0048E245 /* MapView.swift */ = {isa = PBXFileReference; lastKnownFileType = sourcecode.swift; path = MapView.swift; sourceTree = "<group>"; };
/* End PBXFileReference section */

/* Begin PBXFrameworksBuildPhase section */
		20C079B02516207A0048E245 /* Frameworks */ = {
			isa = PBXFrameworksBuildPhase;
			buildActionMask = 2147483647;
			files = (
			);
			runOnlyForDeploymentPostprocessing = 0;
		};
/* End PBXFrameworksBuildPhase section */

/* Begin PBXGroup section */
		20C079AA2516207A0048E245 = {
			isa = PBXGroup;
			children = (
				20C079B52516207A0048E245 /* LandmarkSwiftUI */,
				20C079B42516207A0048E245 /* Products */,
			);
			sourceTree = "<group>";
		};
		20C079B42516207A0048E245 /* Products */ = {
			isa = PBXGroup;
			children = (
				20C079B32516207A0048E245 /* LandmarkSwiftUI.app */,
			);
			name = Products;
			sourceTree = "<group>";
		};
		20C079B52516207A0048E245 /* LandmarkSwiftUI */ = {
			isa = PBXGroup;
			children = (
				20C079B62516207A0048E245 /* AppDelegate.swift */,
				20C079B82516207A0048E245 /* SceneDelegate.swift */,
				20C079BA2516207A0048E245 /* ContentView.swift */,
				20C079CA251628CF0048E245 /* CircleImage.swift */,
				20C079CC25162A9A0048E245 /* MapView.swift */,
				20C079BC2516207C0048E245 /* Assets.xcassets */,
				20C079C12516207C0048E245 /* LaunchScreen.storyboard */,
				20C079C42516207C0048E245 /* Info.plist */,
				20C079BE2516207C0048E245 /* Preview Content */,
			);
			path = LandmarkSwiftUI;
			sourceTree = "<group>";
		};
		20C079BE2516207C0048E245 /* Preview Content */ = {
			isa = PBXGroup;
			children = (
				20C079BF2516207C0048E245 /* Preview Assets.xcassets */,
			);
			path = "Preview Content";
			sourceTree = "<group>";
		};
/* End PBXGroup section */

/* Begin PBXNativeTarget section */
		20C079B22516207A0048E245 /* LandmarkSwiftUI */ = {
			isa = PBXNativeTarget;
			buildConfigurationList = 20C079C72516207C0048E245 /* Build configuration list for PBXNativeTarget "LandmarkSwiftUI" */;
			buildPhases = (
				20C079AF2516207A0048E245 /* Sources */,
				20C079B02516207A0048E245 /* Frameworks */,
				20C079B12516207A0048E245 /* Resources */,
			);
			buildRules = (
			);
			dependencies = (
			);
			name = LandmarkSwiftUI;
			productName = LandmarkSwiftUI;
			productReference = 20C079B32516207A0048E245 /* LandmarkSwiftUI.app */;
			productType = "com.apple.product-type.application";
		};
/* End PBXNativeTarget section */

/* Begin PBXProject section */
		20C079AB2516207A0048E245 /* Project object */ = {
			isa = PBXProject;
			attributes = {
				LastSwiftUpdateCheck = 1140;
				LastUpgradeCheck = 1140;
				ORGANIZATIONNAME = "Danang Putra Bahari";
				TargetAttributes = {
					20C079B22516207A0048E245 = {
						CreatedOnToolsVersion = 11.4.1;
					};
				};
			};
			buildConfigurationList = 20C079AE2516207A0048E245 /* Build configuration list for PBXProject "LandmarkSwiftUI" */;
			compatibilityVersion = "Xcode 9.3";
			developmentRegion = en;
			hasScannedForEncodings = 0;
			knownRegions = (
				en,
				Base,
			);
			mainGroup = 20C079AA2516207A0048E245;
			productRefGroup = 20C079B42516207A0048E245 /* Products */;
			projectDirPath = "";
			projectRoot = "";
			targets = (
				20C079B22516207A0048E245 /* LandmarkSwiftUI */,
			);
		};
/* End PBXProject section */

/* Begin PBXResourcesBuildPhase section */
		20C079B12516207A0048E245 /* Resources */ = {
			isa = PBXResourcesBuildPhase;
			buildActionMask = 2147483647;
			files = (
				20C079C32516207C0048E245 /* LaunchScreen.storyboard in Resources */,
				20C079C02516207C0048E245 /* Preview Assets.xcassets in Resources */,
				20C079BD2516207C0048E245 /* Assets.xcassets in Resources */,
			);
			runOnlyForDeploymentPostprocessing = 0;
		};
/* End PBXResourcesBuildPhase section */

/* Begin PBXSourcesBuildPhase section */
		20C079AF2516207A0048E245 /* Sources */ = {
			isa = PBXSourcesBuildPhase;
			buildActionMask = 2147483647;
			files = (
				20C079B72516207A0048E245 /* AppDelegate.swift in Sources */,
				20C079CB251628CF0048E245 /* CircleImage.swift in Sources */,
				20C079CD25162A9A0048E245 /* MapView.swift in Sources */,
				20C079B92516207A0048E245 /* SceneDelegate.swift in Sources */,
				20C079BB2516207A0048E245 /* ContentView.swift in Sources */,
			);
			runOnlyForDeploymentPostprocessing = 0;
		};
/* End PBXSourcesBuildPhase section */

/* Begin PBXVariantGroup section */
		20C079C12516207C0048E245 /* LaunchScreen.storyboard */ = {
			isa = PBXVariantGroup;
			children = (
				20C079C22516207C0048E245 /* Base */,
			);
			name = LaunchScreen.storyboard;
			sourceTree = "<group>";
		};
/* End PBXVariantGroup section */

/* Begin XCBuildConfiguration section */
		20C079C52516207C0048E245 /* Debug */ = {
			isa = XCBuildConfiguration;
			buildSettings = {
				ALWAYS_SEARCH_USER_PATHS = NO;
				CLANG_ANALYZER_NONNULL = YES;
				CLANG_ANALYZER_NUMBER_OBJECT_CONVERSION = YES_AGGRESSIVE;
				CLANG_CXX_LANGUAGE_STANDARD = "gnu++14";
				CLANG_CXX_LIBRARY = "libc++";
				CLANG_ENABLE_MODULES = YES;
				CLANG_ENABLE_OBJC_ARC = YES;
				CLANG_ENABLE_OBJC_WEAK = YES;
				CLANG_WARN_BLOCK_CAPTURE_AUTORELEASING = YES;
				CLANG_WARN_BOOL_CONVERSION = YES;
				CLANG_WARN_COMMA = YES;
				CLANG_WARN_CONSTANT_CONVERSION = YES;
				CLANG_WARN_DEPRECATED_OBJC_IMPLEMENTATIONS = YES;
				CLANG_WARN_DIRECT_OBJC_ISA_USAGE = YES_ERROR;
				CLANG_WARN_DOCUMENTATION_COMMENTS = YES;
				CLANG_WARN_EMPTY_BODY = YES;
				CLANG_WARN_ENUM_CONVERSION = YES;
				CLANG_WARN_INFINITE_RECURSION = YES;
				CLANG_WARN_INT_CONVERSION = YES;
				CLANG_WARN_NON_LITERAL_NULL_CONVERSION = YES;
				CLANG_WARN_OBJC_IMPLICIT_RETAIN_SELF = YES;
				CLANG_WARN_OBJC_LITERAL_CONVERSION = YES;
				CLANG_WARN_OBJC_ROOT_CLASS = YES_ERROR;
				CLANG_WARN_RANGE_LOOP_ANALYSIS = YES;
				CLANG_WARN_STRICT_PROTOTYPES = YES;
				CLANG_WARN_SUSPICIOUS_MOVE = YES;
				CLANG_WARN_UNGUARDED_AVAILABILITY = YES_AGGRESSIVE;
				CLANG_WARN_UNREACHABLE_CODE = YES;
				CLANG_WARN__DUPLICATE_METHOD_MATCH = YES;
				COPY_PHASE_STRIP = NO;
				DEBUG_INFORMATION_FORMAT = dwarf;
				ENABLE_STRICT_OBJC_MSGSEND = YES;
				ENABLE_TESTABILITY = YES;
				GCC_C_LANGUAGE_STANDARD = gnu11;
				GCC_DYNAMIC_NO_PIC = NO;
				GCC_NO_COMMON_BLOCKS = YES;
				GCC_OPTIMIZATION_LEVEL = 0;
				GCC_PREPROCESSOR_DEFINITIONS = (
					"DEBUG=1",
					"$(inherited)",
				);
				GCC_WARN_64_TO_32_BIT_CONVERSION = YES;
				GCC_WARN_ABOUT_RETURN_TYPE = YES_ERROR;
				GCC_WARN_UNDECLARED_SELECTOR = YES;
				GCC_WARN_UNINITIALIZED_AUTOS = YES_AGGRESSIVE;
				GCC_WARN_UNUSED_FUNCTION = YES;
				GCC_WARN_UNUSED_VARIABLE = YES;
				IPHONEOS_DEPLOYMENT_TARGET = 13.4;
				MTL_ENABLE_DEBUG_INFO = INCLUDE_SOURCE;
				MTL_FAST_MATH = YES;
				ONLY_ACTIVE_ARCH = YES;
				SDKROOT = iphoneos;
				SWIFT_ACTIVE_COMPILATION_CONDITIONS = DEBUG;
				SWIFT_OPTIMIZATION_LEVEL = "-Onone";
			};
			name = Debug;
		};
		20C079C62516207C0048E245 /* Release */ = {
			isa = XCBuildConfiguration;
			buildSettings = {
				ALWAYS_SEARCH_USER_PATHS = NO;
				CLANG_ANALYZER_NONNULL = YES;
				CLANG_ANALYZER_NUMBER_OBJECT_CONVERSION = YES_AGGRESSIVE;
				CLANG_CXX_LANGUAGE_STANDARD = "gnu++14";
				CLANG_CXX_LIBRARY = "libc++";
				CLANG_ENABLE_MODULES = YES;
				CLANG_ENABLE_OBJC_ARC = YES;
				CLANG_ENABLE_OBJC_WEAK = YES;
				CLANG_WARN_BLOCK_CAPTURE_AUTORELEASING = YES;
				CLANG_WARN_BOOL_CONVERSION = YES;
				CLANG_WARN_COMMA = YES;
				CLANG_WARN_CONSTANT_CONVERSION = YES;
				CLANG_WARN_DEPRECATED_OBJC_IMPLEMENTATIONS = YES;
				CLANG_WARN_DIRECT_OBJC_ISA_USAGE = YES_ERROR;
				CLANG_WARN_DOCUMENTATION_COMMENTS = YES;
				CLANG_WARN_EMPTY_BODY = YES;
				CLANG_WARN_ENUM_CONVERSION = YES;
				CLANG_WARN_INFINITE_RECURSION = YES;
				CLANG_WARN_INT_CONVERSION = YES;
				CLANG_WARN_NON_LITERAL_NULL_CONVERSION = YES;
				CLANG_WARN_OBJC_IMPLICIT_RETAIN_SELF = YES;
				CLANG_WARN_OBJC_LITERAL_CONVERSION = YES;
				CLANG_WARN_OBJC_ROOT_CLASS = YES_ERROR;
				CLANG_WARN_RANGE_LOOP_ANALYSIS = YES;
				CLANG_WARN_STRICT_PROTOTYPES = YES;
				CLANG_WARN_SUSPICIOUS_MOVE = YES;
				CLANG_WARN_UNGUARDED_AVAILABILITY = YES_AGGRESSIVE;
				CLANG_WARN_UNREACHABLE_CODE = YES;
				CLANG_WARN__DUPLICATE_METHOD_MATCH = YES;
				COPY_PHASE_STRIP = NO;
				DEBUG_INFORMATION_FORMAT = "dwarf-with-dsym";
				ENABLE_NS_ASSERTIONS = NO;
				ENABLE_STRICT_OBJC_MSGSEND = YES;
				GCC_C_LANGUAGE_STANDARD = gnu11;
				GCC_NO_COMMON_BLOCKS = YES;
				GCC_WARN_64_TO_32_BIT_CONVERSION = YES;
				GCC_WARN_ABOUT_RETURN_TYPE = YES_ERROR;
				GCC_WARN_UNDECLARED_SELECTOR = YES;
				GCC_WARN_UNINITIALIZED_AUTOS = YES_AGGRESSIVE;
				GCC_WARN_UNUSED_FUNCTION = YES;
				GCC_WARN_UNUSED_VARIABLE = YES;
				IPHONEOS_DEPLOYMENT_TARGET = 13.4;
				MTL_ENABLE_DEBUG_INFO = NO;
				MTL_FAST_MATH = YES;
				SDKROOT = iphoneos;
				SWIFT_COMPILATION_MODE = wholemodule;
				SWIFT_OPTIMIZATION_LEVEL = "-O";
				VALIDATE_PRODUCT = YES;
			};
			name = Release;
		};
		20C079C82516207C0048E245 /* Debug */ = {
			isa = XCBuildConfiguration;
			buildSettings = {
				ASSETCATALOG_COMPILER_APPICON_NAME = AppIcon;
				CODE_SIGN_STYLE = Automatic;
				DEVELOPMENT_ASSET_PATHS = "\"LandmarkSwiftUI/Preview Content\"";
				ENABLE_PREVIEWS = YES;
				INFOPLIST_FILE = LandmarkSwiftUI/Info.plist;
				LD_RUNPATH_SEARCH_PATHS = (
					"$(inherited)",
					"@executable_path/Frameworks",
				);
				PRODUCT_BUNDLE_IDENTIFIER = com.danangbahari89.LandmarkSwiftUI;
				PRODUCT_NAME = "$(TARGET_NAME)";
				SWIFT_VERSION = 5.0;
				TARGETED_DEVICE_FAMILY = "1,2";
			};
			name = Debug;
		};
		20C079C92516207C0048E245 /* Release */ = {
			isa = XCBuildConfiguration;
			buildSettings = {
				ASSETCATALOG_COMPILER_APPICON_NAME = AppIcon;
				CODE_SIGN_STYLE = Automatic;
				DEVELOPMENT_ASSET_PATHS = "\"LandmarkSwiftUI/Preview Content\"";
				ENABLE_PREVIEWS = YES;
				INFOPLIST_FILE = LandmarkSwiftUI/Info.plist;
				LD_RUNPATH_SEARCH_PATHS = (
					"$(inherited)",
					"@executable_path/Frameworks",
				);
				PRODUCT_BUNDLE_IDENTIFIER = com.danangbahari89.LandmarkSwiftUI;
				PRODUCT_NAME = "$(TARGET_NAME)";
				SWIFT_VERSION = 5.0;
				TARGETED_DEVICE_FAMILY = "1,2";
			};
			name = Release;
		};
/* End XCBuildConfiguration section */

/* Begin XCConfigurationList section */
		20C079AE2516207A0048E245 /* Build configuration list for PBXProject "LandmarkSwiftUI" */ = {
			isa = XCConfigurationList;
			buildConfigurations = (
				20C079C52516207C0048E245 /* Debug */,
				20C079C62516207C0048E245 /* Release */,
			);
			defaultConfigurationIsVisible = 0;
			defaultConfigurationName = Release;
		};
		20C079C72516207C0048E245 /* Build configuration list for PBXNativeTarget "LandmarkSwiftUI" */ = {
			isa = XCConfigurationList;
			buildConfigurations = (
				20C079C82516207C0048E245 /* Debug */,
				20C079C92516207C0048E245 /* Release */,
			);
			defaultConfigurationIsVisible = 0;
			defaultConfigurationName = Release;
		};
/* End XCConfigurationList section */
	};
	rootObject = 20C079AB2516207A0048E245 /* Project object */;
}
